
Microsoft Visual Studio Solution File, Format Version 12.00
# Visual Studio 14
VisualStudioVersion = 14.0.24720.0
MinimumVisualStudioVersion = 10.0.40219.1
Project("{FAE04EC0-301F-11D3-BF4B-00C04F79EFBC}") = "Metier", "ConsoleApplication5\Metier.csproj", "{550E6901-F5A4-4E22-A435-87FB1543BE69}"
EndProject
Project("{FAE04EC0-301F-11D3-BF4B-00C04F79EFBC}") = "Donnee", "CAD\Donnee.csproj", "{B5762DA9-BEC0-4454-BAEC-51AF812E7996}"
EndProject
Project("{FAE04EC0-301F-11D3-BF4B-00C04F79EFBC}") = "GestionInformation", "GestionInformation\GestionInformation.csproj", "{2E23547A-BA07-4D23-A171-DAB7E9FA46AE}"
EndProject
Project("{00D1A9C2-B5F0-4AF3-8072-F6C62B433612}") = "ProjetREDX", "ProjetREDX\ProjetREDX.sqlproj", "{F57D8638-3125-4210-AA1F-5FA963DD9F40}"
EndProject
Global
	GlobalSection(SolutionConfigurationPlatforms) = preSolution
		Debug|Any CPU = Debug|Any CPU
		Release|Any CPU = Release|Any CPU
	EndGlobalSection
	GlobalSection(ProjectConfigurationPlatforms) = postSolution
		{550E6901-F5A4-4E22-A435-87FB1543BE69}.Debug|Any CPU.ActiveCfg = Debug|Any CPU
		{550E6901-F5A4-4E22-A435-87FB1543BE69}.Debug|Any CPU.Build.0 = Debug|Any CPU
		{550E6901-F5A4-4E22-A435-87FB1543BE69}.Release|Any CPU.ActiveCfg = Release|Any CPU
		{550E6901-F5A4-4E22-A435-87FB1543BE69}.Release|Any CPU.Build.0 = Release|Any CPU
		{B5762DA9-BEC0-4454-BAEC-51AF812E7996}.Debug|Any CPU.ActiveCfg = Debug|Any CPU
		{B5762DA9-BEC0-4454-BAEC-51AF812E7996}.Debug|Any CPU.Build.0 = Debug|Any CPU
		{B5762DA9-BEC0-4454-BAEC-51AF812E7996}.Release|Any CPU.ActiveCfg = Release|Any CPU
		{B5762DA9-BEC0-4454-BAEC-51AF812E7996}.Release|Any CPU.Build.0 = Release|Any CPU
		{2E23547A-BA07-4D23-A171-DAB7E9FA46AE}.Debug|Any CPU.ActiveCfg = Debug|Any CPU
		{2E23547A-BA07-4D23-A171-DAB7E9FA46AE}.Debug|Any CPU.Build.0 = Debug|Any CPU
		{2E23547A-BA07-4D23-A171-DAB7E9FA46AE}.Release|Any CPU.ActiveCfg = Release|Any CPU
		{2E23547A-BA07-4D23-A171-DAB7E9FA46AE}.Release|Any CPU.Build.0 = Release|Any CPU
		{F57D8638-3125-4210-AA1F-5FA963DD9F40}.Debug|Any CPU.ActiveCfg = Debug|Any CPU
		{F57D8638-3125-4210-AA1F-5FA963DD9F40}.Debug|Any CPU.Build.0 = Debug|Any CPU
		{F57D8638-3125-4210-AA1F-5FA963DD9F40}.Debug|Any CPU.Deploy.0 = Debug|Any CPU
		{F57D8638-3125-4210-AA1F-5FA963DD9F40}.Release|Any CPU.ActiveCfg = Release|Any CPU
		{F57D8638-3125-4210-AA1F-5FA963DD9F40}.Release|Any CPU.Build.0 = Release|Any CPU
		{F57D8638-3125-4210-AA1F-5FA963DD9F40}.Release|Any CPU.Deploy.0 = Release|Any CPU
	EndGlobalSection
	GlobalSection(SolutionProperties) = preSolution
		HideSolutionNode = FALSE
	EndGlobalSection
EndGlobal
