
Microsoft Visual Studio Solution File, Format Version 12.00
# Visual Studio 14
VisualStudioVersion = 14.0.24720.0
MinimumVisualStudioVersion = 10.0.40219.1
Project("{FAE04EC0-301F-11D3-BF4B-00C04F79EFBC}") = "Donnee", "Donnee\Donnee.csproj", "{7981E3E5-59FF-412B-AA67-CBC31D7AD547}"
EndProject
Project("{FAE04EC0-301F-11D3-BF4B-00C04F79EFBC}") = "Metier", "Metier\Metier.csproj", "{70906EEA-5731-4944-AA6B-589C3A0A25BE}"
EndProject
Project("{FAE04EC0-301F-11D3-BF4B-00C04F79EFBC}") = "Client", "Client\Client.csproj", "{801D806A-EBA6-4BBE-82F3-10600A14955D}"
EndProject
Project("{FAE04EC0-301F-11D3-BF4B-00C04F79EFBC}") = "UnitTestMetier", "UnitTestMetier\UnitTestMetier.csproj", "{96F8F736-B9FC-4A46-8F64-3AA2DF72CE53}"
EndProject
Project("{FAE04EC0-301F-11D3-BF4B-00C04F79EFBC}") = "ClientGestionInformation", "ClientGestionInformation\ClientGestionInformation.csproj", "{DCEFF948-7AC7-4D46-9F62-C2FD24594D84}"
EndProject
Project("{FAE04EC0-301F-11D3-BF4B-00C04F79EFBC}") = "MetierApplication", "MetierApplication\MetierApplication.csproj", "{9BE3467A-6510-427E-8111-416DA2F646C6}"
EndProject
Project("{FAE04EC0-301F-11D3-BF4B-00C04F79EFBC}") = "ClientDiffusion", "ClientDiffusion\ClientDiffusion.csproj", "{1D0CB3A4-D952-467C-B239-21E59D43F522}"
EndProject
Project("{FAE04EC0-301F-11D3-BF4B-00C04F79EFBC}") = "Clients", "Clients\Clients.csproj", "{672185FE-1899-4847-89B6-7C29021DC888}"
EndProject
Global
	GlobalSection(SolutionConfigurationPlatforms) = preSolution
		Debug|Any CPU = Debug|Any CPU
		Release|Any CPU = Release|Any CPU
	EndGlobalSection
	GlobalSection(ProjectConfigurationPlatforms) = postSolution
		{7981E3E5-59FF-412B-AA67-CBC31D7AD547}.Debug|Any CPU.ActiveCfg = Debug|Any CPU
		{7981E3E5-59FF-412B-AA67-CBC31D7AD547}.Debug|Any CPU.Build.0 = Debug|Any CPU
		{7981E3E5-59FF-412B-AA67-CBC31D7AD547}.Release|Any CPU.ActiveCfg = Release|Any CPU
		{7981E3E5-59FF-412B-AA67-CBC31D7AD547}.Release|Any CPU.Build.0 = Release|Any CPU
		{70906EEA-5731-4944-AA6B-589C3A0A25BE}.Debug|Any CPU.ActiveCfg = Debug|Any CPU
		{70906EEA-5731-4944-AA6B-589C3A0A25BE}.Debug|Any CPU.Build.0 = Debug|Any CPU
		{70906EEA-5731-4944-AA6B-589C3A0A25BE}.Release|Any CPU.ActiveCfg = Release|Any CPU
		{70906EEA-5731-4944-AA6B-589C3A0A25BE}.Release|Any CPU.Build.0 = Release|Any CPU
		{801D806A-EBA6-4BBE-82F3-10600A14955D}.Debug|Any CPU.ActiveCfg = Debug|Any CPU
		{801D806A-EBA6-4BBE-82F3-10600A14955D}.Debug|Any CPU.Build.0 = Debug|Any CPU
		{801D806A-EBA6-4BBE-82F3-10600A14955D}.Release|Any CPU.ActiveCfg = Release|Any CPU
		{801D806A-EBA6-4BBE-82F3-10600A14955D}.Release|Any CPU.Build.0 = Release|Any CPU
		{96F8F736-B9FC-4A46-8F64-3AA2DF72CE53}.Debug|Any CPU.ActiveCfg = Debug|Any CPU
		{96F8F736-B9FC-4A46-8F64-3AA2DF72CE53}.Debug|Any CPU.Build.0 = Debug|Any CPU
		{96F8F736-B9FC-4A46-8F64-3AA2DF72CE53}.Release|Any CPU.ActiveCfg = Release|Any CPU
		{96F8F736-B9FC-4A46-8F64-3AA2DF72CE53}.Release|Any CPU.Build.0 = Release|Any CPU
		{DCEFF948-7AC7-4D46-9F62-C2FD24594D84}.Debug|Any CPU.ActiveCfg = Debug|Any CPU
		{DCEFF948-7AC7-4D46-9F62-C2FD24594D84}.Debug|Any CPU.Build.0 = Debug|Any CPU
		{DCEFF948-7AC7-4D46-9F62-C2FD24594D84}.Release|Any CPU.ActiveCfg = Release|Any CPU
		{DCEFF948-7AC7-4D46-9F62-C2FD24594D84}.Release|Any CPU.Build.0 = Release|Any CPU
		{9BE3467A-6510-427E-8111-416DA2F646C6}.Debug|Any CPU.ActiveCfg = Debug|Any CPU
		{9BE3467A-6510-427E-8111-416DA2F646C6}.Debug|Any CPU.Build.0 = Debug|Any CPU
		{9BE3467A-6510-427E-8111-416DA2F646C6}.Release|Any CPU.ActiveCfg = Release|Any CPU
		{9BE3467A-6510-427E-8111-416DA2F646C6}.Release|Any CPU.Build.0 = Release|Any CPU
		{1D0CB3A4-D952-467C-B239-21E59D43F522}.Debug|Any CPU.ActiveCfg = Debug|Any CPU
		{1D0CB3A4-D952-467C-B239-21E59D43F522}.Debug|Any CPU.Build.0 = Debug|Any CPU
		{1D0CB3A4-D952-467C-B239-21E59D43F522}.Release|Any CPU.ActiveCfg = Release|Any CPU
		{1D0CB3A4-D952-467C-B239-21E59D43F522}.Release|Any CPU.Build.0 = Release|Any CPU
		{672185FE-1899-4847-89B6-7C29021DC888}.Debug|Any CPU.ActiveCfg = Debug|Any CPU
		{672185FE-1899-4847-89B6-7C29021DC888}.Debug|Any CPU.Build.0 = Debug|Any CPU
		{672185FE-1899-4847-89B6-7C29021DC888}.Release|Any CPU.ActiveCfg = Release|Any CPU
		{672185FE-1899-4847-89B6-7C29021DC888}.Release|Any CPU.Build.0 = Release|Any CPU
	EndGlobalSection
	GlobalSection(SolutionProperties) = preSolution
		HideSolutionNode = FALSE
	EndGlobalSection
EndGlobal
